
Microsoft Visual Studio Solution File, Format Version 12.00
# Visual Studio Version 17
VisualStudioVersion = 17.0.31903.59
MinimumVisualStudioVersion = 10.0.40219.1
Project("{FAE04EC0-301F-11D3-BF4B-00C04F79EFBC}") = "RefactorTool", "RefactorTool\RefactorTool.csproj", "{E9361B91-0C58-4D92-A8FD-E83639D354BC}"
EndProject
Project("{FAE04EC0-301F-11D3-BF4B-00C04F79EFBC}") = "RebuildUs", "RebuildUs\RebuildUs.csproj", "{DC596273-4240-4DE1-B8D7-68E9481F8EC2}"
EndProject
Project("{FAE04EC0-301F-11D3-BF4B-00C04F79EFBC}") = "RebuildUs.Impostor", "RebuildUs.Impostor\RebuildUs.Impostor.csproj", "{A1384992-2115-46D6-81B5-D4A34807C121}"
EndProject
Project("{FAE04EC0-301F-11D3-BF4B-00C04F79EFBC}") = "RebuildUs.Launcher", "RebuildUs.Launcher\RebuildUs.Launcher.csproj", "{983C9338-AFEA-40E8-B8C8-61D818C618F4}"
EndProject
Global
	GlobalSection(SolutionConfigurationPlatforms) = preSolution
		Debug|Any CPU = Debug|Any CPU
		Debug|x64 = Debug|x64
		Debug|x86 = Debug|x86
		Release|Any CPU = Release|Any CPU
		Release|x64 = Release|x64
		Release|x86 = Release|x86
	EndGlobalSection
	GlobalSection(ProjectConfigurationPlatforms) = postSolution
		{E9361B91-0C58-4D92-A8FD-E83639D354BC}.Debug|Any CPU.ActiveCfg = Debug|Any CPU
		{E9361B91-0C58-4D92-A8FD-E83639D354BC}.Debug|Any CPU.Build.0 = Debug|Any CPU
		{E9361B91-0C58-4D92-A8FD-E83639D354BC}.Debug|x64.ActiveCfg = Debug|Any CPU
		{E9361B91-0C58-4D92-A8FD-E83639D354BC}.Debug|x64.Build.0 = Debug|Any CPU
		{E9361B91-0C58-4D92-A8FD-E83639D354BC}.Debug|x86.ActiveCfg = Debug|Any CPU
		{E9361B91-0C58-4D92-A8FD-E83639D354BC}.Debug|x86.Build.0 = Debug|Any CPU
		{E9361B91-0C58-4D92-A8FD-E83639D354BC}.Release|Any CPU.ActiveCfg = Release|Any CPU
		{E9361B91-0C58-4D92-A8FD-E83639D354BC}.Release|Any CPU.Build.0 = Release|Any CPU
		{E9361B91-0C58-4D92-A8FD-E83639D354BC}.Release|x64.ActiveCfg = Release|Any CPU
		{E9361B91-0C58-4D92-A8FD-E83639D354BC}.Release|x64.Build.0 = Release|Any CPU
		{E9361B91-0C58-4D92-A8FD-E83639D354BC}.Release|x86.ActiveCfg = Release|Any CPU
		{E9361B91-0C58-4D92-A8FD-E83639D354BC}.Release|x86.Build.0 = Release|Any CPU
		{DC596273-4240-4DE1-B8D7-68E9481F8EC2}.Debug|Any CPU.ActiveCfg = Debug|Any CPU
		{DC596273-4240-4DE1-B8D7-68E9481F8EC2}.Debug|Any CPU.Build.0 = Debug|Any CPU
		{DC596273-4240-4DE1-B8D7-68E9481F8EC2}.Debug|x64.ActiveCfg = Debug|Any CPU
		{DC596273-4240-4DE1-B8D7-68E9481F8EC2}.Debug|x64.Build.0 = Debug|Any CPU
		{DC596273-4240-4DE1-B8D7-68E9481F8EC2}.Debug|x86.ActiveCfg = Debug|Any CPU
		{DC596273-4240-4DE1-B8D7-68E9481F8EC2}.Debug|x86.Build.0 = Debug|Any CPU
		{DC596273-4240-4DE1-B8D7-68E9481F8EC2}.Release|Any CPU.ActiveCfg = Release|Any CPU
		{DC596273-4240-4DE1-B8D7-68E9481F8EC2}.Release|Any CPU.Build.0 = Release|Any CPU
		{DC596273-4240-4DE1-B8D7-68E9481F8EC2}.Release|x64.ActiveCfg = Release|Any CPU
		{DC596273-4240-4DE1-B8D7-68E9481F8EC2}.Release|x64.Build.0 = Release|Any CPU
		{DC596273-4240-4DE1-B8D7-68E9481F8EC2}.Release|x86.ActiveCfg = Release|Any CPU
		{DC596273-4240-4DE1-B8D7-68E9481F8EC2}.Release|x86.Build.0 = Release|Any CPU
		{A1384992-2115-46D6-81B5-D4A34807C121}.Debug|Any CPU.ActiveCfg = Debug|Any CPU
		{A1384992-2115-46D6-81B5-D4A34807C121}.Debug|Any CPU.Build.0 = Debug|Any CPU
		{A1384992-2115-46D6-81B5-D4A34807C121}.Debug|x64.ActiveCfg = Debug|Any CPU
		{A1384992-2115-46D6-81B5-D4A34807C121}.Debug|x64.Build.0 = Debug|Any CPU
		{A1384992-2115-46D6-81B5-D4A34807C121}.Debug|x86.ActiveCfg = Debug|Any CPU
		{A1384992-2115-46D6-81B5-D4A34807C121}.Debug|x86.Build.0 = Debug|Any CPU
		{A1384992-2115-46D6-81B5-D4A34807C121}.Release|Any CPU.ActiveCfg = Release|Any CPU
		{A1384992-2115-46D6-81B5-D4A34807C121}.Release|Any CPU.Build.0 = Release|Any CPU
		{A1384992-2115-46D6-81B5-D4A34807C121}.Release|x64.ActiveCfg = Release|Any CPU
		{A1384992-2115-46D6-81B5-D4A34807C121}.Release|x64.Build.0 = Release|Any CPU
		{A1384992-2115-46D6-81B5-D4A34807C121}.Release|x86.ActiveCfg = Release|Any CPU
		{A1384992-2115-46D6-81B5-D4A34807C121}.Release|x86.Build.0 = Release|Any CPU
		{983C9338-AFEA-40E8-B8C8-61D818C618F4}.Debug|Any CPU.ActiveCfg = Debug|Any CPU
		{983C9338-AFEA-40E8-B8C8-61D818C618F4}.Debug|Any CPU.Build.0 = Debug|Any CPU
		{983C9338-AFEA-40E8-B8C8-61D818C618F4}.Debug|x64.ActiveCfg = Debug|Any CPU
		{983C9338-AFEA-40E8-B8C8-61D818C618F4}.Debug|x64.Build.0 = Debug|Any CPU
		{983C9338-AFEA-40E8-B8C8-61D818C618F4}.Debug|x86.ActiveCfg = Debug|Any CPU
		{983C9338-AFEA-40E8-B8C8-61D818C618F4}.Debug|x86.Build.0 = Debug|Any CPU
		{983C9338-AFEA-40E8-B8C8-61D818C618F4}.Release|Any CPU.ActiveCfg = Release|Any CPU
		{983C9338-AFEA-40E8-B8C8-61D818C618F4}.Release|Any CPU.Build.0 = Release|Any CPU
		{983C9338-AFEA-40E8-B8C8-61D818C618F4}.Release|x64.ActiveCfg = Release|Any CPU
		{983C9338-AFEA-40E8-B8C8-61D818C618F4}.Release|x64.Build.0 = Release|Any CPU
		{983C9338-AFEA-40E8-B8C8-61D818C618F4}.Release|x86.ActiveCfg = Release|Any CPU
		{983C9338-AFEA-40E8-B8C8-61D818C618F4}.Release|x86.Build.0 = Release|Any CPU
	EndGlobalSection
	GlobalSection(SolutionProperties) = preSolution
		HideSolutionNode = FALSE
	EndGlobalSection
EndGlobal
